
Microsoft Visual Studio Solution File, Format Version 12.00
# Visual Studio Version 17
VisualStudioVersion = 17.7.34202.233
MinimumVisualStudioVersion = 10.0.40219.1
Project("{9A19103F-16F7-4668-BE54-9A1E7A4F7556}") = "FastX", "FastX\FastX.csproj", "{71851C9D-DCFE-4546-9026-61336177AD8B}"
EndProject
Project("{FAE04EC0-301F-11D3-BF4B-00C04F79EFBC}") = "FastXAppTest", "FastXAppTest\FastXAppTest.csproj", "{C13108E3-872B-4EC9-9D13-9A8D1324D27E}"
EndProject
Global
	GlobalSection(SolutionConfigurationPlatforms) = preSolution
		Debug|Any CPU = Debug|Any CPU
		Release|Any CPU = Release|Any CPU
	EndGlobalSection
	GlobalSection(ProjectConfigurationPlatforms) = postSolution
		{71851C9D-DCFE-4546-9026-61336177AD8B}.Debug|Any CPU.ActiveCfg = Debug|Any CPU
		{71851C9D-DCFE-4546-9026-61336177AD8B}.Debug|Any CPU.Build.0 = Debug|Any CPU
		{71851C9D-DCFE-4546-9026-61336177AD8B}.Release|Any CPU.ActiveCfg = Release|Any CPU
		{71851C9D-DCFE-4546-9026-61336177AD8B}.Release|Any CPU.Build.0 = Release|Any CPU
		{C13108E3-872B-4EC9-9D13-9A8D1324D27E}.Debug|Any CPU.ActiveCfg = Debug|Any CPU
		{C13108E3-872B-4EC9-9D13-9A8D1324D27E}.Debug|Any CPU.Build.0 = Debug|Any CPU
		{C13108E3-872B-4EC9-9D13-9A8D1324D27E}.Release|Any CPU.ActiveCfg = Release|Any CPU
		{C13108E3-872B-4EC9-9D13-9A8D1324D27E}.Release|Any CPU.Build.0 = Release|Any CPU
	EndGlobalSection
	GlobalSection(SolutionProperties) = preSolution
		HideSolutionNode = FALSE
	EndGlobalSection
	GlobalSection(ExtensibilityGlobals) = postSolution
		SolutionGuid = {7DF2A7B3-5144-410B-83F3-6BC6CC91F7E1}
	EndGlobalSection
EndGlobal
